// !$*UTF8*$!
{
	archiveVersion = 1;
	classes = {
	};
	objectVersion = 50;
	objects = {

/* Begin PBXBuildFile section */
		84BCF43D21B564BA003B52DE /* AppDelegate.swift in Sources */ = {isa = PBXBuildFile; fileRef = 84BCF43C21B564BA003B52DE /* AppDelegate.swift */; };
		84BCF43F21B564BA003B52DE /* ListGoods.swift in Sources */ = {isa = PBXBuildFile; fileRef = 84BCF43E21B564BA003B52DE /* ListGoods.swift */; };
		84BCF44221B564BA003B52DE /* Main.storyboard in Resources */ = {isa = PBXBuildFile; fileRef = 84BCF44021B564BA003B52DE /* Main.storyboard */; };
		84BCF44421B564BB003B52DE /* Assets.xcassets in Resources */ = {isa = PBXBuildFile; fileRef = 84BCF44321B564BB003B52DE /* Assets.xcassets */; };
		84BCF44721B564BB003B52DE /* LaunchScreen.storyboard in Resources */ = {isa = PBXBuildFile; fileRef = 84BCF44521B564BB003B52DE /* LaunchScreen.storyboard */; };
		84BCF45221B564BB003B52DE /* Qua_n_Ly__Ha_ng_Hoa_Tests.swift in Sources */ = {isa = PBXBuildFile; fileRef = 84BCF45121B564BB003B52DE /* Qua_n_Ly__Ha_ng_Hoa_Tests.swift */; };
		84BCF45D21B564BB003B52DE /* Qua_n_Ly__Ha_ng_Hoa_UITests.swift in Sources */ = {isa = PBXBuildFile; fileRef = 84BCF45C21B564BB003B52DE /* Qua_n_Ly__Ha_ng_Hoa_UITests.swift */; };
		84BCF46D21B56DD0003B52DE /* AddNewGoods.swift in Sources */ = {isa = PBXBuildFile; fileRef = 84BCF46C21B56DD0003B52DE /* AddNewGoods.swift */; };
/* End PBXBuildFile section */

/* Begin PBXContainerItemProxy section */
		84BCF44E21B564BB003B52DE /* PBXContainerItemProxy */ = {
			isa = PBXContainerItemProxy;
			containerPortal = 84BCF43121B564BA003B52DE /* Project object */;
			proxyType = 1;
			remoteGlobalIDString = 84BCF43821B564BA003B52DE;
			remoteInfo = "Quản Lý Hàng Hoá";
		};
		84BCF45921B564BB003B52DE /* PBXContainerItemProxy */ = {
			isa = PBXContainerItemProxy;
			containerPortal = 84BCF43121B564BA003B52DE /* Project object */;
			proxyType = 1;
			remoteGlobalIDString = 84BCF43821B564BA003B52DE;
			remoteInfo = "Quản Lý Hàng Hoá";
		};
/* End PBXContainerItemProxy section */

/* Begin PBXFileReference section */
		84BCF43921B564BA003B52DE /* Quản Lý Hàng Hoá.app */ = {isa = PBXFileReference; explicitFileType = wrapper.application; includeInIndex = 0; path = "Quản Lý Hàng Hoá.app"; sourceTree = BUILT_PRODUCTS_DIR; };
		84BCF43C21B564BA003B52DE /* AppDelegate.swift */ = {isa = PBXFileReference; lastKnownFileType = sourcecode.swift; path = AppDelegate.swift; sourceTree = "<group>"; };
		84BCF43E21B564BA003B52DE /* ListGoods.swift */ = {isa = PBXFileReference; lastKnownFileType = sourcecode.swift; path = ListGoods.swift; sourceTree = "<group>"; };
		84BCF44121B564BA003B52DE /* Base */ = {isa = PBXFileReference; lastKnownFileType = file.storyboard; name = Base; path = Base.lproj/Main.storyboard; sourceTree = "<group>"; };
		84BCF44321B564BB003B52DE /* Assets.xcassets */ = {isa = PBXFileReference; lastKnownFileType = folder.assetcatalog; path = Assets.xcassets; sourceTree = "<group>"; };
		84BCF44621B564BB003B52DE /* Base */ = {isa = PBXFileReference; lastKnownFileType = file.storyboard; name = Base; path = Base.lproj/LaunchScreen.storyboard; sourceTree = "<group>"; };
		84BCF44821B564BB003B52DE /* Info.plist */ = {isa = PBXFileReference; lastKnownFileType = text.plist.xml; path = Info.plist; sourceTree = "<group>"; };
		84BCF44D21B564BB003B52DE /* Quản Lý Hàng HoáTests.xctest */ = {isa = PBXFileReference; explicitFileType = wrapper.cfbundle; includeInIndex = 0; path = "Quản Lý Hàng HoáTests.xctest"; sourceTree = BUILT_PRODUCTS_DIR; };
		84BCF45121B564BB003B52DE /* Qua_n_Ly__Ha_ng_Hoa_Tests.swift */ = {isa = PBXFileReference; lastKnownFileType = sourcecode.swift; path = Qua_n_Ly__Ha_ng_Hoa_Tests.swift; sourceTree = "<group>"; };
		84BCF45321B564BB003B52DE /* Info.plist */ = {isa = PBXFileReference; lastKnownFileType = text.plist.xml; path = Info.plist; sourceTree = "<group>"; };
		84BCF45821B564BB003B52DE /* Quản Lý Hàng HoáUITests.xctest */ = {isa = PBXFileReference; explicitFileType = wrapper.cfbundle; includeInIndex = 0; path = "Quản Lý Hàng HoáUITests.xctest"; sourceTree = BUILT_PRODUCTS_DIR; };
		84BCF45C21B564BB003B52DE /* Qua_n_Ly__Ha_ng_Hoa_UITests.swift */ = {isa = PBXFileReference; lastKnownFileType = sourcecode.swift; path = Qua_n_Ly__Ha_ng_Hoa_UITests.swift; sourceTree = "<group>"; };
		84BCF45E21B564BC003B52DE /* Info.plist */ = {isa = PBXFileReference; lastKnownFileType = text.plist.xml; path = Info.plist; sourceTree = "<group>"; };
		84BCF46C21B56DD0003B52DE /* AddNewGoods.swift */ = {isa = PBXFileReference; lastKnownFileType = sourcecode.swift; path = AddNewGoods.swift; sourceTree = "<group>"; };
/* End PBXFileReference section */

/* Begin PBXFrameworksBuildPhase section */
		84BCF43621B564BA003B52DE /* Frameworks */ = {
			isa = PBXFrameworksBuildPhase;
			buildActionMask = 2147483647;
			files = (
			);
			runOnlyForDeploymentPostprocessing = 0;
		};
		84BCF44A21B564BB003B52DE /* Frameworks */ = {
			isa = PBXFrameworksBuildPhase;
			buildActionMask = 2147483647;
			files = (
			);
			runOnlyForDeploymentPostprocessing = 0;
		};
		84BCF45521B564BB003B52DE /* Frameworks */ = {
			isa = PBXFrameworksBuildPhase;
			buildActionMask = 2147483647;
			files = (
			);
			runOnlyForDeploymentPostprocessing = 0;
		};
/* End PBXFrameworksBuildPhase section */

/* Begin PBXGroup section */
		84BCF43021B564BA003B52DE = {
			isa = PBXGroup;
			children = (
				84BCF43B21B564BA003B52DE /* Quản Lý Hàng Hoá */,
				84BCF45021B564BB003B52DE /* Quản Lý Hàng HoáTests */,
				84BCF45B21B564BB003B52DE /* Quản Lý Hàng HoáUITests */,
				84BCF43A21B564BA003B52DE /* Products */,
			);
			sourceTree = "<group>";
		};
		84BCF43A21B564BA003B52DE /* Products */ = {
			isa = PBXGroup;
			children = (
				84BCF43921B564BA003B52DE /* Quản Lý Hàng Hoá.app */,
				84BCF44D21B564BB003B52DE /* Quản Lý Hàng HoáTests.xctest */,
				84BCF45821B564BB003B52DE /* Quản Lý Hàng HoáUITests.xctest */,
			);
			name = Products;
			sourceTree = "<group>";
		};
		84BCF43B21B564BA003B52DE /* Quản Lý Hàng Hoá */ = {
			isa = PBXGroup;
			children = (
				84BCF43C21B564BA003B52DE /* AppDelegate.swift */,
				84BCF44321B564BB003B52DE /* Assets.xcassets */,
				84BCF46A21B56AB6003B52DE /* List Goods */,
				84BCF46B21B56DAA003B52DE /* Add New Goods */,
				84BCF44021B564BA003B52DE /* Main.storyboard */,
				84BCF44521B564BB003B52DE /* LaunchScreen.storyboard */,
				84BCF44821B564BB003B52DE /* Info.plist */,
			);
			path = "Quản Lý Hàng Hoá";
			sourceTree = "<group>";
		};
		84BCF45021B564BB003B52DE /* Quản Lý Hàng HoáTests */ = {
			isa = PBXGroup;
			children = (
				84BCF45121B564BB003B52DE /* Qua_n_Ly__Ha_ng_Hoa_Tests.swift */,
				84BCF45321B564BB003B52DE /* Info.plist */,
			);
			path = "Quản Lý Hàng HoáTests";
			sourceTree = "<group>";
		};
		84BCF45B21B564BB003B52DE /* Quản Lý Hàng HoáUITests */ = {
			isa = PBXGroup;
			children = (
				84BCF45C21B564BB003B52DE /* Qua_n_Ly__Ha_ng_Hoa_UITests.swift */,
				84BCF45E21B564BC003B52DE /* Info.plist */,
			);
			path = "Quản Lý Hàng HoáUITests";
			sourceTree = "<group>";
		};
		84BCF46A21B56AB6003B52DE /* List Goods */ = {
			isa = PBXGroup;
			children = (
				84BCF43E21B564BA003B52DE /* ListGoods.swift */,
			);
			path = "List Goods";
			sourceTree = "<group>";
		};
		84BCF46B21B56DAA003B52DE /* Add New Goods */ = {
			isa = PBXGroup;
			children = (
				84BCF46C21B56DD0003B52DE /* AddNewGoods.swift */,
			);
			path = "Add New Goods";
			sourceTree = "<group>";
		};
/* End PBXGroup section */

/* Begin PBXNativeTarget section */
		84BCF43821B564BA003B52DE /* Quản Lý Hàng Hoá */ = {
			isa = PBXNativeTarget;
			buildConfigurationList = 84BCF46121B564BC003B52DE /* Build configuration list for PBXNativeTarget "Quản Lý Hàng Hoá" */;
			buildPhases = (
				84BCF43521B564BA003B52DE /* Sources */,
				84BCF43621B564BA003B52DE /* Frameworks */,
				84BCF43721B564BA003B52DE /* Resources */,
			);
			buildRules = (
			);
			dependencies = (
			);
			name = "Quản Lý Hàng Hoá";
			productName = "Quản Lý Hàng Hoá";
			productReference = 84BCF43921B564BA003B52DE /* Quản Lý Hàng Hoá.app */;
			productType = "com.apple.product-type.application";
		};
		84BCF44C21B564BB003B52DE /* Quản Lý Hàng HoáTests */ = {
			isa = PBXNativeTarget;
			buildConfigurationList = 84BCF46421B564BC003B52DE /* Build configuration list for PBXNativeTarget "Quản Lý Hàng HoáTests" */;
			buildPhases = (
				84BCF44921B564BB003B52DE /* Sources */,
				84BCF44A21B564BB003B52DE /* Frameworks */,
				84BCF44B21B564BB003B52DE /* Resources */,
			);
			buildRules = (
			);
			dependencies = (
				84BCF44F21B564BB003B52DE /* PBXTargetDependency */,
			);
			name = "Quản Lý Hàng HoáTests";
			productName = "Quản Lý Hàng HoáTests";
			productReference = 84BCF44D21B564BB003B52DE /* Quản Lý Hàng HoáTests.xctest */;
			productType = "com.apple.product-type.bundle.unit-test";
		};
		84BCF45721B564BB003B52DE /* Quản Lý Hàng HoáUITests */ = {
			isa = PBXNativeTarget;
			buildConfigurationList = 84BCF46721B564BC003B52DE /* Build configuration list for PBXNativeTarget "Quản Lý Hàng HoáUITests" */;
			buildPhases = (
				84BCF45421B564BB003B52DE /* Sources */,
				84BCF45521B564BB003B52DE /* Frameworks */,
				84BCF45621B564BB003B52DE /* Resources */,
			);
			buildRules = (
			);
			dependencies = (
				84BCF45A21B564BB003B52DE /* PBXTargetDependency */,
			);
			name = "Quản Lý Hàng HoáUITests";
			productName = "Quản Lý Hàng HoáUITests";
			productReference = 84BCF45821B564BB003B52DE /* Quản Lý Hàng HoáUITests.xctest */;
			productType = "com.apple.product-type.bundle.ui-testing";
		};
/* End PBXNativeTarget section */

/* Begin PBXProject section */
		84BCF43121B564BA003B52DE /* Project object */ = {
			isa = PBXProject;
			attributes = {
				LastSwiftUpdateCheck = 1000;
				LastUpgradeCheck = 1000;
				ORGANIZATIONNAME = Admin;
				TargetAttributes = {
					84BCF43821B564BA003B52DE = {
						CreatedOnToolsVersion = 10.0;
					};
					84BCF44C21B564BB003B52DE = {
						CreatedOnToolsVersion = 10.0;
						TestTargetID = 84BCF43821B564BA003B52DE;
					};
					84BCF45721B564BB003B52DE = {
						CreatedOnToolsVersion = 10.0;
						TestTargetID = 84BCF43821B564BA003B52DE;
					};
				};
			};
			buildConfigurationList = 84BCF43421B564BA003B52DE /* Build configuration list for PBXProject "Quản Lý Hàng Hoá" */;
			compatibilityVersion = "Xcode 9.3";
			developmentRegion = en;
			hasScannedForEncodings = 0;
			knownRegions = (
				en,
				Base,
			);
			mainGroup = 84BCF43021B564BA003B52DE;
			productRefGroup = 84BCF43A21B564BA003B52DE /* Products */;
			projectDirPath = "";
			projectRoot = "";
			targets = (
				84BCF43821B564BA003B52DE /* Quản Lý Hàng Hoá */,
				84BCF44C21B564BB003B52DE /* Quản Lý Hàng HoáTests */,
				84BCF45721B564BB003B52DE /* Quản Lý Hàng HoáUITests */,
			);
		};
/* End PBXProject section */

/* Begin PBXResourcesBuildPhase section */
		84BCF43721B564BA003B52DE /* Resources */ = {
			isa = PBXResourcesBuildPhase;
			buildActionMask = 2147483647;
			files = (
				84BCF44721B564BB003B52DE /* LaunchScreen.storyboard in Resources */,
				84BCF44421B564BB003B52DE /* Assets.xcassets in Resources */,
				84BCF44221B564BA003B52DE /* Main.storyboard in Resources */,
			);
			runOnlyForDeploymentPostprocessing = 0;
		};
		84BCF44B21B564BB003B52DE /* Resources */ = {
			isa = PBXResourcesBuildPhase;
			buildActionMask = 2147483647;
			files = (
			);
			runOnlyForDeploymentPostprocessing = 0;
		};
		84BCF45621B564BB003B52DE /* Resources */ = {
			isa = PBXResourcesBuildPhase;
			buildActionMask = 2147483647;
			files = (
			);
			runOnlyForDeploymentPostprocessing = 0;
		};
/* End PBXResourcesBuildPhase section */

/* Begin PBXSourcesBuildPhase section */
		84BCF43521B564BA003B52DE /* Sources */ = {
			isa = PBXSourcesBuildPhase;
			buildActionMask = 2147483647;
			files = (
				84BCF46D21B56DD0003B52DE /* AddNewGoods.swift in Sources */,
				84BCF43F21B564BA003B52DE /* ListGoods.swift in Sources */,
				84BCF43D21B564BA003B52DE /* AppDelegate.swift in Sources */,
			);
			runOnlyForDeploymentPostprocessing = 0;
		};
		84BCF44921B564BB003B52DE /* Sources */ = {
			isa = PBXSourcesBuildPhase;
			buildActionMask = 2147483647;
			files = (
				84BCF45221B564BB003B52DE /* Qua_n_Ly__Ha_ng_Hoa_Tests.swift in Sources */,
			);
			runOnlyForDeploymentPostprocessing = 0;
		};
		84BCF45421B564BB003B52DE /* Sources */ = {
			isa = PBXSourcesBuildPhase;
			buildActionMask = 2147483647;
			files = (
				84BCF45D21B564BB003B52DE /* Qua_n_Ly__Ha_ng_Hoa_UITests.swift in Sources */,
			);
			runOnlyForDeploymentPostprocessing = 0;
		};
/* End PBXSourcesBuildPhase section */

/* Begin PBXTargetDependency section */
		84BCF44F21B564BB003B52DE /* PBXTargetDependency */ = {
			isa = PBXTargetDependency;
			target = 84BCF43821B564BA003B52DE /* Quản Lý Hàng Hoá */;
			targetProxy = 84BCF44E21B564BB003B52DE /* PBXContainerItemProxy */;
		};
		84BCF45A21B564BB003B52DE /* PBXTargetDependency */ = {
			isa = PBXTargetDependency;
			target = 84BCF43821B564BA003B52DE /* Quản Lý Hàng Hoá */;
			targetProxy = 84BCF45921B564BB003B52DE /* PBXContainerItemProxy */;
		};
/* End PBXTargetDependency section */

/* Begin PBXVariantGroup section */
		84BCF44021B564BA003B52DE /* Main.storyboard */ = {
			isa = PBXVariantGroup;
			children = (
				84BCF44121B564BA003B52DE /* Base */,
			);
			name = Main.storyboard;
			sourceTree = "<group>";
		};
		84BCF44521B564BB003B52DE /* LaunchScreen.storyboard */ = {
			isa = PBXVariantGroup;
			children = (
				84BCF44621B564BB003B52DE /* Base */,
			);
			name = LaunchScreen.storyboard;
			sourceTree = "<group>";
		};
/* End PBXVariantGroup section */

/* Begin XCBuildConfiguration section */
		84BCF45F21B564BC003B52DE /* Debug */ = {
			isa = XCBuildConfiguration;
			buildSettings = {
				ALWAYS_SEARCH_USER_PATHS = NO;
				CLANG_ANALYZER_NONNULL = YES;
				CLANG_ANALYZER_NUMBER_OBJECT_CONVERSION = YES_AGGRESSIVE;
				CLANG_CXX_LANGUAGE_STANDARD = "gnu++14";
				CLANG_CXX_LIBRARY = "libc++";
				CLANG_ENABLE_MODULES = YES;
				CLANG_ENABLE_OBJC_ARC = YES;
				CLANG_ENABLE_OBJC_WEAK = YES;
				CLANG_WARN_BLOCK_CAPTURE_AUTORELEASING = YES;
				CLANG_WARN_BOOL_CONVERSION = YES;
				CLANG_WARN_COMMA = YES;
				CLANG_WARN_CONSTANT_CONVERSION = YES;
				CLANG_WARN_DEPRECATED_OBJC_IMPLEMENTATIONS = YES;
				CLANG_WARN_DIRECT_OBJC_ISA_USAGE = YES_ERROR;
				CLANG_WARN_DOCUMENTATION_COMMENTS = YES;
				CLANG_WARN_EMPTY_BODY = YES;
				CLANG_WARN_ENUM_CONVERSION = YES;
				CLANG_WARN_INFINITE_RECURSION = YES;
				CLANG_WARN_INT_CONVERSION = YES;
				CLANG_WARN_NON_LITERAL_NULL_CONVERSION = YES;
				CLANG_WARN_OBJC_IMPLICIT_RETAIN_SELF = YES;
				CLANG_WARN_OBJC_LITERAL_CONVERSION = YES;
				CLANG_WARN_OBJC_ROOT_CLASS = YES_ERROR;
				CLANG_WARN_RANGE_LOOP_ANALYSIS = YES;
				CLANG_WARN_STRICT_PROTOTYPES = YES;
				CLANG_WARN_SUSPICIOUS_MOVE = YES;
				CLANG_WARN_UNGUARDED_AVAILABILITY = YES_AGGRESSIVE;
				CLANG_WARN_UNREACHABLE_CODE = YES;
				CLANG_WARN__DUPLICATE_METHOD_MATCH = YES;
				CODE_SIGN_IDENTITY = "iPhone Developer";
				COPY_PHASE_STRIP = NO;
				DEBUG_INFORMATION_FORMAT = dwarf;
				ENABLE_STRICT_OBJC_MSGSEND = YES;
				ENABLE_TESTABILITY = YES;
				GCC_C_LANGUAGE_STANDARD = gnu11;
				GCC_DYNAMIC_NO_PIC = NO;
				GCC_NO_COMMON_BLOCKS = YES;
				GCC_OPTIMIZATION_LEVEL = 0;
				GCC_PREPROCESSOR_DEFINITIONS = (
					"DEBUG=1",
					"$(inherited)",
				);
				GCC_WARN_64_TO_32_BIT_CONVERSION = YES;
				GCC_WARN_ABOUT_RETURN_TYPE = YES_ERROR;
				GCC_WARN_UNDECLARED_SELECTOR = YES;
				GCC_WARN_UNINITIALIZED_AUTOS = YES_AGGRESSIVE;
				GCC_WARN_UNUSED_FUNCTION = YES;
				GCC_WARN_UNUSED_VARIABLE = YES;
				IPHONEOS_DEPLOYMENT_TARGET = 12.0;
				MTL_ENABLE_DEBUG_INFO = INCLUDE_SOURCE;
				MTL_FAST_MATH = YES;
				ONLY_ACTIVE_ARCH = YES;
				SDKROOT = iphoneos;
				SWIFT_ACTIVE_COMPILATION_CONDITIONS = DEBUG;
				SWIFT_OPTIMIZATION_LEVEL = "-Onone";
			};
			name = Debug;
		};
		84BCF46021B564BC003B52DE /* Release */ = {
			isa = XCBuildConfiguration;
			buildSettings = {
				ALWAYS_SEARCH_USER_PATHS = NO;
				CLANG_ANALYZER_NONNULL = YES;
				CLANG_ANALYZER_NUMBER_OBJECT_CONVERSION = YES_AGGRESSIVE;
				CLANG_CXX_LANGUAGE_STANDARD = "gnu++14";
				CLANG_CXX_LIBRARY = "libc++";
				CLANG_ENABLE_MODULES = YES;
				CLANG_ENABLE_OBJC_ARC = YES;
				CLANG_ENABLE_OBJC_WEAK = YES;
				CLANG_WARN_BLOCK_CAPTURE_AUTORELEASING = YES;
				CLANG_WARN_BOOL_CONVERSION = YES;
				CLANG_WARN_COMMA = YES;
				CLANG_WARN_CONSTANT_CONVERSION = YES;
				CLANG_WARN_DEPRECATED_OBJC_IMPLEMENTATIONS = YES;
				CLANG_WARN_DIRECT_OBJC_ISA_USAGE = YES_ERROR;
				CLANG_WARN_DOCUMENTATION_COMMENTS = YES;
				CLANG_WARN_EMPTY_BODY = YES;
				CLANG_WARN_ENUM_CONVERSION = YES;
				CLANG_WARN_INFINITE_RECURSION = YES;
				CLANG_WARN_INT_CONVERSION = YES;
				CLANG_WARN_NON_LITERAL_NULL_CONVERSION = YES;
				CLANG_WARN_OBJC_IMPLICIT_RETAIN_SELF = YES;
				CLANG_WARN_OBJC_LITERAL_CONVERSION = YES;
				CLANG_WARN_OBJC_ROOT_CLASS = YES_ERROR;
				CLANG_WARN_RANGE_LOOP_ANALYSIS = YES;
				CLANG_WARN_STRICT_PROTOTYPES = YES;
				CLANG_WARN_SUSPICIOUS_MOVE = YES;
				CLANG_WARN_UNGUARDED_AVAILABILITY = YES_AGGRESSIVE;
				CLANG_WARN_UNREACHABLE_CODE = YES;
				CLANG_WARN__DUPLICATE_METHOD_MATCH = YES;
				CODE_SIGN_IDENTITY = "iPhone Developer";
				COPY_PHASE_STRIP = NO;
				DEBUG_INFORMATION_FORMAT = "dwarf-with-dsym";
				ENABLE_NS_ASSERTIONS = NO;
				ENABLE_STRICT_OBJC_MSGSEND = YES;
				GCC_C_LANGUAGE_STANDARD = gnu11;
				GCC_NO_COMMON_BLOCKS = YES;
				GCC_WARN_64_TO_32_BIT_CONVERSION = YES;
				GCC_WARN_ABOUT_RETURN_TYPE = YES_ERROR;
				GCC_WARN_UNDECLARED_SELECTOR = YES;
				GCC_WARN_UNINITIALIZED_AUTOS = YES_AGGRESSIVE;
				GCC_WARN_UNUSED_FUNCTION = YES;
				GCC_WARN_UNUSED_VARIABLE = YES;
				IPHONEOS_DEPLOYMENT_TARGET = 12.0;
				MTL_ENABLE_DEBUG_INFO = NO;
				MTL_FAST_MATH = YES;
				SDKROOT = iphoneos;
				SWIFT_COMPILATION_MODE = wholemodule;
				SWIFT_OPTIMIZATION_LEVEL = "-O";
				VALIDATE_PRODUCT = YES;
			};
			name = Release;
		};
		84BCF46221B564BC003B52DE /* Debug */ = {
			isa = XCBuildConfiguration;
			buildSettings = {
				ASSETCATALOG_COMPILER_APPICON_NAME = AppIcon;
				CODE_SIGN_STYLE = Automatic;
				INFOPLIST_FILE = "Quản Lý Hàng Hoá/Info.plist";
				LD_RUNPATH_SEARCH_PATHS = (
					"$(inherited)",
					"@executable_path/Frameworks",
				);
				PRODUCT_BUNDLE_IDENTIFIER = "LeChinhDev.Qua-n-Ly--Ha-ng-Hoa-";
				PRODUCT_NAME = "$(TARGET_NAME)";
				SWIFT_VERSION = 4.2;
				TARGETED_DEVICE_FAMILY = "1,2";
			};
			name = Debug;
		};
		84BCF46321B564BC003B52DE /* Release */ = {
			isa = XCBuildConfiguration;
			buildSettings = {
				ASSETCATALOG_COMPILER_APPICON_NAME = AppIcon;
				CODE_SIGN_STYLE = Automatic;
				INFOPLIST_FILE = "Quản Lý Hàng Hoá/Info.plist";
				LD_RUNPATH_SEARCH_PATHS = (
					"$(inherited)",
					"@executable_path/Frameworks",
				);
				PRODUCT_BUNDLE_IDENTIFIER = "LeChinhDev.Qua-n-Ly--Ha-ng-Hoa-";
				PRODUCT_NAME = "$(TARGET_NAME)";
				SWIFT_VERSION = 4.2;
				TARGETED_DEVICE_FAMILY = "1,2";
			};
			name = Release;
		};
		84BCF46521B564BC003B52DE /* Debug */ = {
			isa = XCBuildConfiguration;
			buildSettings = {
				ALWAYS_EMBED_SWIFT_STANDARD_LIBRARIES = YES;
				BUNDLE_LOADER = "$(TEST_HOST)";
				CODE_SIGN_STYLE = Automatic;
				INFOPLIST_FILE = "Quản Lý Hàng HoáTests/Info.plist";
				LD_RUNPATH_SEARCH_PATHS = (
					"$(inherited)",
					"@executable_path/Frameworks",
					"@loader_path/Frameworks",
				);
				PRODUCT_BUNDLE_IDENTIFIER = "LeChinhDev.Qua-n-Ly--Ha-ng-Hoa-Tests";
				PRODUCT_NAME = "$(TARGET_NAME)";
				SWIFT_VERSION = 4.2;
				TARGETED_DEVICE_FAMILY = "1,2";
				TEST_HOST = "$(BUILT_PRODUCTS_DIR)/Quản Lý Hàng Hoá.app/Quản Lý Hàng Hoá";
			};
			name = Debug;
		};
		84BCF46621B564BC003B52DE /* Release */ = {
			isa = XCBuildConfiguration;
			buildSettings = {
				ALWAYS_EMBED_SWIFT_STANDARD_LIBRARIES = YES;
				BUNDLE_LOADER = "$(TEST_HOST)";
				CODE_SIGN_STYLE = Automatic;
				INFOPLIST_FILE = "Quản Lý Hàng HoáTests/Info.plist";
				LD_RUNPATH_SEARCH_PATHS = (
					"$(inherited)",
					"@executable_path/Frameworks",
					"@loader_path/Frameworks",
				);
				PRODUCT_BUNDLE_IDENTIFIER = "LeChinhDev.Qua-n-Ly--Ha-ng-Hoa-Tests";
				PRODUCT_NAME = "$(TARGET_NAME)";
				SWIFT_VERSION = 4.2;
				TARGETED_DEVICE_FAMILY = "1,2";
				TEST_HOST = "$(BUILT_PRODUCTS_DIR)/Quản Lý Hàng Hoá.app/Quản Lý Hàng Hoá";
			};
			name = Release;
		};
		84BCF46821B564BC003B52DE /* Debug */ = {
			isa = XCBuildConfiguration;
			buildSettings = {
				ALWAYS_EMBED_SWIFT_STANDARD_LIBRARIES = YES;
				CODE_SIGN_STYLE = Automatic;
				INFOPLIST_FILE = "Quản Lý Hàng HoáUITests/Info.plist";
				LD_RUNPATH_SEARCH_PATHS = (
					"$(inherited)",
					"@executable_path/Frameworks",
					"@loader_path/Frameworks",
				);
				PRODUCT_BUNDLE_IDENTIFIER = "LeChinhDev.Qua-n-Ly--Ha-ng-Hoa-UITests";
				PRODUCT_NAME = "$(TARGET_NAME)";
				SWIFT_VERSION = 4.2;
				TARGETED_DEVICE_FAMILY = "1,2";
				TEST_TARGET_NAME = "Quản Lý Hàng Hoá";
			};
			name = Debug;
		};
		84BCF46921B564BC003B52DE /* Release */ = {
			isa = XCBuildConfiguration;
			buildSettings = {
				ALWAYS_EMBED_SWIFT_STANDARD_LIBRARIES = YES;
				CODE_SIGN_STYLE = Automatic;
				INFOPLIST_FILE = "Quản Lý Hàng HoáUITests/Info.plist";
				LD_RUNPATH_SEARCH_PATHS = (
					"$(inherited)",
					"@executable_path/Frameworks",
					"@loader_path/Frameworks",
				);
				PRODUCT_BUNDLE_IDENTIFIER = "LeChinhDev.Qua-n-Ly--Ha-ng-Hoa-UITests";
				PRODUCT_NAME = "$(TARGET_NAME)";
				SWIFT_VERSION = 4.2;
				TARGETED_DEVICE_FAMILY = "1,2";
				TEST_TARGET_NAME = "Quản Lý Hàng Hoá";
			};
			name = Release;
		};
/* End XCBuildConfiguration section */

/* Begin XCConfigurationList section */
		84BCF43421B564BA003B52DE /* Build configuration list for PBXProject "Quản Lý Hàng Hoá" */ = {
			isa = XCConfigurationList;
			buildConfigurations = (
				84BCF45F21B564BC003B52DE /* Debug */,
				84BCF46021B564BC003B52DE /* Release */,
			);
			defaultConfigurationIsVisible = 0;
			defaultConfigurationName = Release;
		};
		84BCF46121B564BC003B52DE /* Build configuration list for PBXNativeTarget "Quản Lý Hàng Hoá" */ = {
			isa = XCConfigurationList;
			buildConfigurations = (
				84BCF46221B564BC003B52DE /* Debug */,
				84BCF46321B564BC003B52DE /* Release */,
			);
			defaultConfigurationIsVisible = 0;
			defaultConfigurationName = Release;
		};
		84BCF46421B564BC003B52DE /* Build configuration list for PBXNativeTarget "Quản Lý Hàng HoáTests" */ = {
			isa = XCConfigurationList;
			buildConfigurations = (
				84BCF46521B564BC003B52DE /* Debug */,
				84BCF46621B564BC003B52DE /* Release */,
			);
			defaultConfigurationIsVisible = 0;
			defaultConfigurationName = Release;
		};
		84BCF46721B564BC003B52DE /* Build configuration list for PBXNativeTarget "Quản Lý Hàng HoáUITests" */ = {
			isa = XCConfigurationList;
			buildConfigurations = (
				84BCF46821B564BC003B52DE /* Debug */,
				84BCF46921B564BC003B52DE /* Release */,
			);
			defaultConfigurationIsVisible = 0;
			defaultConfigurationName = Release;
		};
/* End XCConfigurationList section */
	};
	rootObject = 84BCF43121B564BA003B52DE /* Project object */;
}
